
Microsoft Visual Studio Solution File, Format Version 12.00
# Visual Studio Version 17
VisualStudioVersion = 17.6.33801.468
MinimumVisualStudioVersion = 10.0.40219.1
Project("{FAE04EC0-301F-11D3-BF4B-00C04F79EFBC}") = "DemoGuruSelenium", "DemoGuruSelenium\DemoGuruSelenium.csproj", "{410460EF-F1CF-4848-B5AE-D810C5CD4A36}"
EndProject
Project("{FAE04EC0-301F-11D3-BF4B-00C04F79EFBC}") = "BDD_DemoGuru", "BDD_DemoGuru\BDD_DemoGuru.csproj", "{1085F25B-C8D1-4A77-ACF6-46B9B0CF5FF0}"
EndProject
Global
	GlobalSection(SolutionConfigurationPlatforms) = preSolution
		Debug|Any CPU = Debug|Any CPU
		Release|Any CPU = Release|Any CPU
	EndGlobalSection
	GlobalSection(ProjectConfigurationPlatforms) = postSolution
		{410460EF-F1CF-4848-B5AE-D810C5CD4A36}.Debug|Any CPU.ActiveCfg = Debug|Any CPU
		{410460EF-F1CF-4848-B5AE-D810C5CD4A36}.Debug|Any CPU.Build.0 = Debug|Any CPU
		{410460EF-F1CF-4848-B5AE-D810C5CD4A36}.Release|Any CPU.ActiveCfg = Release|Any CPU
		{410460EF-F1CF-4848-B5AE-D810C5CD4A36}.Release|Any CPU.Build.0 = Release|Any CPU
		{1085F25B-C8D1-4A77-ACF6-46B9B0CF5FF0}.Debug|Any CPU.ActiveCfg = Debug|Any CPU
		{1085F25B-C8D1-4A77-ACF6-46B9B0CF5FF0}.Debug|Any CPU.Build.0 = Debug|Any CPU
		{1085F25B-C8D1-4A77-ACF6-46B9B0CF5FF0}.Release|Any CPU.ActiveCfg = Release|Any CPU
		{1085F25B-C8D1-4A77-ACF6-46B9B0CF5FF0}.Release|Any CPU.Build.0 = Release|Any CPU
	EndGlobalSection
	GlobalSection(SolutionProperties) = preSolution
		HideSolutionNode = FALSE
	EndGlobalSection
	GlobalSection(ExtensibilityGlobals) = postSolution
		SolutionGuid = {D44800C2-DBC2-4480-A9E2-B97CFF654F59}
	EndGlobalSection
EndGlobal
